
Microsoft Visual Studio Solution File, Format Version 12.00
# Visual Studio Version 17
VisualStudioVersion = 17.0.31903.59
MinimumVisualStudioVersion = 10.0.40219.1
Project("{9A19103F-16F7-4668-BE54-9A1E7A4F7556}") = "Domain", "Domain\Domain.csproj", "{353A1528-D5B2-40FE-99BC-7F7D64C3B2C0}"
EndProject
Project("{9A19103F-16F7-4668-BE54-9A1E7A4F7556}") = "Application", "Application\Application.csproj", "{6F318D67-162A-4D46-9558-538947553AC0}"
EndProject
Project("{9A19103F-16F7-4668-BE54-9A1E7A4F7556}") = "Infrastructure", "Infrastructure\Infrastructure.csproj", "{A9AAFA90-ED8E-47AB-B753-7679BF004949}"
EndProject
Project("{9A19103F-16F7-4668-BE54-9A1E7A4F7556}") = "Presentation", "Presentation\Presentation.csproj", "{AE842699-5CF9-4243-A35E-80FBFDA397D6}"
EndProject
Project("{FAE04EC0-301F-11D3-BF4B-00C04F79EFBC}") = "IoC", "IoC\IoC.csproj", "{A8005017-8485-4310-8EC7-0F59B1DE4A58}"
EndProject
Global
	GlobalSection(SolutionConfigurationPlatforms) = preSolution
		Debug|Any CPU = Debug|Any CPU
		Release|Any CPU = Release|Any CPU
	EndGlobalSection
	GlobalSection(ProjectConfigurationPlatforms) = postSolution
		{353A1528-D5B2-40FE-99BC-7F7D64C3B2C0}.Debug|Any CPU.ActiveCfg = Debug|Any CPU
		{353A1528-D5B2-40FE-99BC-7F7D64C3B2C0}.Debug|Any CPU.Build.0 = Debug|Any CPU
		{353A1528-D5B2-40FE-99BC-7F7D64C3B2C0}.Release|Any CPU.ActiveCfg = Release|Any CPU
		{353A1528-D5B2-40FE-99BC-7F7D64C3B2C0}.Release|Any CPU.Build.0 = Release|Any CPU
		{6F318D67-162A-4D46-9558-538947553AC0}.Debug|Any CPU.ActiveCfg = Debug|Any CPU
		{6F318D67-162A-4D46-9558-538947553AC0}.Debug|Any CPU.Build.0 = Debug|Any CPU
		{6F318D67-162A-4D46-9558-538947553AC0}.Release|Any CPU.ActiveCfg = Release|Any CPU
		{6F318D67-162A-4D46-9558-538947553AC0}.Release|Any CPU.Build.0 = Release|Any CPU
		{A9AAFA90-ED8E-47AB-B753-7679BF004949}.Debug|Any CPU.ActiveCfg = Debug|Any CPU
		{A9AAFA90-ED8E-47AB-B753-7679BF004949}.Debug|Any CPU.Build.0 = Debug|Any CPU
		{A9AAFA90-ED8E-47AB-B753-7679BF004949}.Release|Any CPU.ActiveCfg = Release|Any CPU
		{A9AAFA90-ED8E-47AB-B753-7679BF004949}.Release|Any CPU.Build.0 = Release|Any CPU
		{AE842699-5CF9-4243-A35E-80FBFDA397D6}.Debug|Any CPU.ActiveCfg = Debug|Any CPU
		{AE842699-5CF9-4243-A35E-80FBFDA397D6}.Debug|Any CPU.Build.0 = Debug|Any CPU
		{AE842699-5CF9-4243-A35E-80FBFDA397D6}.Release|Any CPU.ActiveCfg = Release|Any CPU
		{AE842699-5CF9-4243-A35E-80FBFDA397D6}.Release|Any CPU.Build.0 = Release|Any CPU
		{A8005017-8485-4310-8EC7-0F59B1DE4A58}.Debug|Any CPU.ActiveCfg = Debug|Any CPU
		{A8005017-8485-4310-8EC7-0F59B1DE4A58}.Debug|Any CPU.Build.0 = Debug|Any CPU
		{A8005017-8485-4310-8EC7-0F59B1DE4A58}.Release|Any CPU.ActiveCfg = Release|Any CPU
		{A8005017-8485-4310-8EC7-0F59B1DE4A58}.Release|Any CPU.Build.0 = Release|Any CPU
	EndGlobalSection
	GlobalSection(SolutionProperties) = preSolution
		HideSolutionNode = FALSE
	EndGlobalSection
	GlobalSection(ExtensibilityGlobals) = postSolution
		SolutionGuid = {DD42A093-72E6-425D-ABF3-097985D26C3B}
	EndGlobalSection
EndGlobal
